
Microsoft Visual Studio Solution File, Format Version 12.00
# Visual Studio Version 17
VisualStudioVersion = 17.5.33530.505
MinimumVisualStudioVersion = 10.0.40219.1
Project("{E24C65DC-7377-472B-9ABA-BC803B73C61A}") = "Resume Builder Adv", "Resume Builder Adv\", "{30C2B210-F3DA-4873-9FD7-00978419547D}"
	ProjectSection(WebsiteProperties) = preProject
		TargetFrameworkMoniker = ".NETFramework,Version%3Dv4.7.2"
		Debug.AspNetCompiler.VirtualPath = "/localhost_11703"
		Debug.AspNetCompiler.PhysicalPath = "Resume Builder Adv\"
		Debug.AspNetCompiler.TargetPath = "PrecompiledWeb\localhost_11703\"
		Debug.AspNetCompiler.Updateable = "true"
		Debug.AspNetCompiler.ForceOverwrite = "true"
		Debug.AspNetCompiler.FixedNames = "false"
		Debug.AspNetCompiler.Debug = "True"
		Release.AspNetCompiler.VirtualPath = "/localhost_11703"
		Release.AspNetCompiler.PhysicalPath = "Resume Builder Adv\"
		Release.AspNetCompiler.TargetPath = "PrecompiledWeb\localhost_11703\"
		Release.AspNetCompiler.Updateable = "true"
		Release.AspNetCompiler.ForceOverwrite = "true"
		Release.AspNetCompiler.FixedNames = "false"
		Release.AspNetCompiler.Debug = "False"
		VWDPort = "11703"
		SlnRelativePath = "Resume Builder Adv\"
		DefaultWebSiteLanguage = "Visual C#"
	EndProjectSection
EndProject
Global
	GlobalSection(SolutionConfigurationPlatforms) = preSolution
		Debug|Any CPU = Debug|Any CPU
	EndGlobalSection
	GlobalSection(ProjectConfigurationPlatforms) = postSolution
		{30C2B210-F3DA-4873-9FD7-00978419547D}.Debug|Any CPU.ActiveCfg = Debug|Any CPU
		{30C2B210-F3DA-4873-9FD7-00978419547D}.Debug|Any CPU.Build.0 = Debug|Any CPU
	EndGlobalSection
	GlobalSection(SolutionProperties) = preSolution
		HideSolutionNode = FALSE
	EndGlobalSection
	GlobalSection(ExtensibilityGlobals) = postSolution
		SolutionGuid = {22461222-4988-420D-A8CC-492F5745E9A1}
	EndGlobalSection
EndGlobal
